
Microsoft Visual Studio Solution File, Format Version 12.00
# Visual Studio Version 17
VisualStudioVersion = 17.3.32819.101
MinimumVisualStudioVersion = 10.0.40219.1
Project("{FAE04EC0-301F-11D3-BF4B-00C04F79EFBC}") = "API_GS", "API_GS\API_GS.csproj", "{F157E278-EC6B-4395-88A0-AB66B417252C}"
EndProject
Global
	GlobalSection(SolutionConfigurationPlatforms) = preSolution
		Debug|Any CPU = Debug|Any CPU
		Release|Any CPU = Release|Any CPU
	EndGlobalSection
	GlobalSection(ProjectConfigurationPlatforms) = postSolution
		{F157E278-EC6B-4395-88A0-AB66B417252C}.Debug|Any CPU.ActiveCfg = Debug|Any CPU
		{F157E278-EC6B-4395-88A0-AB66B417252C}.Debug|Any CPU.Build.0 = Debug|Any CPU
		{F157E278-EC6B-4395-88A0-AB66B417252C}.Release|Any CPU.ActiveCfg = Release|Any CPU
		{F157E278-EC6B-4395-88A0-AB66B417252C}.Release|Any CPU.Build.0 = Release|Any CPU
	EndGlobalSection
	GlobalSection(SolutionProperties) = preSolution
		HideSolutionNode = FALSE
	EndGlobalSection
	GlobalSection(ExtensibilityGlobals) = postSolution
		SolutionGuid = {7E4851F6-473A-42A8-B598-C1C81436C648}
	EndGlobalSection
EndGlobal
